{
  "version": 4,
  "terraform_version": "1.3.5",
  "serial": 47,
  "lineage": "5b3ba32d-142c-0251-cb77-ce7ae14ed874",
  "outputs": {},
  "resources": [
    {
      "mode": "managed",
      "type": "docker_image",
      "name": "nginx",
      "provider": "provider[\"registry.terraform.io/kreuzwerker/docker\"]",
      "instances": [
        {
          "schema_version": 0,
          "attributes": {
            "build": [],
            "force_remove": null,
            "id": "sha256:e7a312b21448316ac5bdc7f4b1ee5ab9e06ac7638bac879263b750d0bedb3633nginx:latest",
            "image_id": "sha256:e7a312b21448316ac5bdc7f4b1ee5ab9e06ac7638bac879263b750d0bedb3633",
            "keep_locally": false,
            "latest": "sha256:e7a312b21448316ac5bdc7f4b1ee5ab9e06ac7638bac879263b750d0bedb3633",
            "name": "nginx:latest",
            "output": null,
            "pull_trigger": null,
            "pull_triggers": null,
            "repo_digest": "nginx@sha256:0047b729188a15da49380d9506d65959cce6d40291ccfb4e039f5dc7efd33286",
            "triggers": null
          },
          "sensitive_attributes": [],
          "private": "bnVsbA=="
        }
      ]
    }
  ],
  "check_results": null
}
